{
  "lib/forge-std": {
    "rev": "3b20d60d14b343ee4f908cb8079495c07f5e8981"
  },
  "lib/slipstream": {
    "rev": "5b529b4d418a6d2e394391a153dfbd0c98de937d"
  },
  "lib/swap-router-contracts": {
    "rev": "70bc2e40dfca294c1cea9bf67a4036732ee54303"
  },
  "node_modules/@aerodrome-finance/slipstream/lib/slipstream": {
    "rev": "5b529b4d418a6d2e394391a153dfbd0c98de937d"
  }
}